
Microsoft Visual Studio Solution File, Format Version 12.00
# Visual Studio Version 17
VisualStudioVersion = 17.14.36212.18
MinimumVisualStudioVersion = 10.0.40219.1
Project("{FAE04EC0-301F-11D3-BF4B-00C04F79EFBC}") = "Negocio", "Negocio\Negocio.csproj", "{F987A1AD-69A3-4D71-8233-88235722A144}"
EndProject
Project("{FAE04EC0-301F-11D3-BF4B-00C04F79EFBC}") = "Negocio.LogicaAplicacion", "Negocio.LogicaAplicacion\Negocio.LogicaAplicacion.csproj", "{7FCADED2-4920-4348-A224-12816F0EB91A}"
EndProject
Project("{FAE04EC0-301F-11D3-BF4B-00C04F79EFBC}") = "AccesoDatos", "AccesoDatos\AccesoDatos.csproj", "{DD954727-32C3-43E0-9EAF-487E1D9FE778}"
EndProject
Project("{FAE04EC0-301F-11D3-BF4B-00C04F79EFBC}") = "NegocioWebApp", "NegocioWebApp\NegocioWebApp.csproj", "{E890F6C3-087C-4A97-8D8A-CEAE5B1438BF}"
EndProject
Global
	GlobalSection(SolutionConfigurationPlatforms) = preSolution
		Debug|Any CPU = Debug|Any CPU
		Release|Any CPU = Release|Any CPU
	EndGlobalSection
	GlobalSection(ProjectConfigurationPlatforms) = postSolution
		{F987A1AD-69A3-4D71-8233-88235722A144}.Debug|Any CPU.ActiveCfg = Debug|Any CPU
		{F987A1AD-69A3-4D71-8233-88235722A144}.Debug|Any CPU.Build.0 = Debug|Any CPU
		{F987A1AD-69A3-4D71-8233-88235722A144}.Release|Any CPU.ActiveCfg = Release|Any CPU
		{F987A1AD-69A3-4D71-8233-88235722A144}.Release|Any CPU.Build.0 = Release|Any CPU
		{7FCADED2-4920-4348-A224-12816F0EB91A}.Debug|Any CPU.ActiveCfg = Debug|Any CPU
		{7FCADED2-4920-4348-A224-12816F0EB91A}.Debug|Any CPU.Build.0 = Debug|Any CPU
		{7FCADED2-4920-4348-A224-12816F0EB91A}.Release|Any CPU.ActiveCfg = Release|Any CPU
		{7FCADED2-4920-4348-A224-12816F0EB91A}.Release|Any CPU.Build.0 = Release|Any CPU
		{DD954727-32C3-43E0-9EAF-487E1D9FE778}.Debug|Any CPU.ActiveCfg = Debug|Any CPU
		{DD954727-32C3-43E0-9EAF-487E1D9FE778}.Debug|Any CPU.Build.0 = Debug|Any CPU
		{DD954727-32C3-43E0-9EAF-487E1D9FE778}.Release|Any CPU.ActiveCfg = Release|Any CPU
		{DD954727-32C3-43E0-9EAF-487E1D9FE778}.Release|Any CPU.Build.0 = Release|Any CPU
		{E890F6C3-087C-4A97-8D8A-CEAE5B1438BF}.Debug|Any CPU.ActiveCfg = Debug|Any CPU
		{E890F6C3-087C-4A97-8D8A-CEAE5B1438BF}.Debug|Any CPU.Build.0 = Debug|Any CPU
		{E890F6C3-087C-4A97-8D8A-CEAE5B1438BF}.Release|Any CPU.ActiveCfg = Release|Any CPU
		{E890F6C3-087C-4A97-8D8A-CEAE5B1438BF}.Release|Any CPU.Build.0 = Release|Any CPU
	EndGlobalSection
	GlobalSection(SolutionProperties) = preSolution
		HideSolutionNode = FALSE
	EndGlobalSection
	GlobalSection(ExtensibilityGlobals) = postSolution
		SolutionGuid = {8D33F780-957F-47A2-9394-A117E63302E7}
	EndGlobalSection
EndGlobal
